
Microsoft Visual Studio Solution File, Format Version 11.00
# Visual Studio 2010
Project("{FAE04EC0-301F-11D3-BF4B-00C04F79EFBC}") = "LMCTerminal", "LMCTerminal.csproj", "{688D8CA3-C89B-42A7-A66A-B3125DEF0389}"
EndProject
Project("{FAE04EC0-301F-11D3-BF4B-00C04F79EFBC}") = "LMCTerminalContent", "..\LMCTerminalContent\LMCTerminalContent.contentproj", "{C3B667EE-9F73-49EE-9BB3-AA9A2743DC63}"
EndProject
Global
	GlobalSection(SolutionConfigurationPlatforms) = preSolution
		Debug|x86 = Debug|x86
		Release|x86 = Release|x86
	EndGlobalSection
	GlobalSection(ProjectConfigurationPlatforms) = postSolution
		{688D8CA3-C89B-42A7-A66A-B3125DEF0389}.Debug|x86.ActiveCfg = Debug|x86
		{688D8CA3-C89B-42A7-A66A-B3125DEF0389}.Debug|x86.Build.0 = Debug|x86
		{688D8CA3-C89B-42A7-A66A-B3125DEF0389}.Release|x86.ActiveCfg = Release|x86
		{688D8CA3-C89B-42A7-A66A-B3125DEF0389}.Release|x86.Build.0 = Release|x86
		{C3B667EE-9F73-49EE-9BB3-AA9A2743DC63}.Debug|x86.ActiveCfg = Debug|x86
		{C3B667EE-9F73-49EE-9BB3-AA9A2743DC63}.Release|x86.ActiveCfg = Release|x86
	EndGlobalSection
	GlobalSection(SolutionProperties) = preSolution
		HideSolutionNode = FALSE
	EndGlobalSection
EndGlobal
